// !$*UTF8*$!
{
	archiveVersion = 1;
	classes = {
	};
	objectVersion = 46;
	objects = {

/* Begin PBXBuildFile section */
		3098373B1D8A8D600002338A /* AppDelegate.swift in Sources */ = {isa = PBXBuildFile; fileRef = 3098373A1D8A8D600002338A /* AppDelegate.swift */; };
		3098373D1D8A8D600002338A /* ViewController.swift in Sources */ = {isa = PBXBuildFile; fileRef = 3098373C1D8A8D600002338A /* ViewController.swift */; };
		309837401D8A8D600002338A /* Main.storyboard in Resources */ = {isa = PBXBuildFile; fileRef = 3098373E1D8A8D600002338A /* Main.storyboard */; };
		309837421D8A8D600002338A /* Assets.xcassets in Resources */ = {isa = PBXBuildFile; fileRef = 309837411D8A8D600002338A /* Assets.xcassets */; };
		309837451D8A8D600002338A /* LaunchScreen.storyboard in Resources */ = {isa = PBXBuildFile; fileRef = 309837431D8A8D600002338A /* LaunchScreen.storyboard */; };
		9CC3B263216222660062CC8A /* PeerConnectivity.framework in Embed Frameworks */ = {isa = PBXBuildFile; fileRef = 9CC3B2602162221C0062CC8A /* PeerConnectivity.framework */; settings = {ATTRIBUTES = (CodeSignOnCopy, RemoveHeadersOnCopy, ); }; };
/* End PBXBuildFile section */

/* Begin PBXCopyFilesBuildPhase section */
		9CC3B264216222660062CC8A /* Embed Frameworks */ = {
			isa = PBXCopyFilesBuildPhase;
			buildActionMask = 2147483647;
			dstPath = "";
			dstSubfolderSpec = 10;
			files = (
				9CC3B263216222660062CC8A /* PeerConnectivity.framework in Embed Frameworks */,
			);
			name = "Embed Frameworks";
			runOnlyForDeploymentPostprocessing = 0;
		};
/* End PBXCopyFilesBuildPhase section */

/* Begin PBXFileReference section */
		309837371D8A8D600002338A /* PeerConnectivityDemo.app */ = {isa = PBXFileReference; explicitFileType = wrapper.application; includeInIndex = 0; path = PeerConnectivityDemo.app; sourceTree = BUILT_PRODUCTS_DIR; };
		3098373A1D8A8D600002338A /* AppDelegate.swift */ = {isa = PBXFileReference; lastKnownFileType = sourcecode.swift; path = AppDelegate.swift; sourceTree = "<group>"; };
		3098373C1D8A8D600002338A /* ViewController.swift */ = {isa = PBXFileReference; lastKnownFileType = sourcecode.swift; path = ViewController.swift; sourceTree = "<group>"; };
		3098373F1D8A8D600002338A /* Base */ = {isa = PBXFileReference; lastKnownFileType = file.storyboard; name = Base; path = Base.lproj/Main.storyboard; sourceTree = "<group>"; };
		309837411D8A8D600002338A /* Assets.xcassets */ = {isa = PBXFileReference; lastKnownFileType = folder.assetcatalog; path = Assets.xcassets; sourceTree = "<group>"; };
		309837441D8A8D600002338A /* Base */ = {isa = PBXFileReference; lastKnownFileType = file.storyboard; name = Base; path = Base.lproj/LaunchScreen.storyboard; sourceTree = "<group>"; };
		309837461D8A8D600002338A /* Info.plist */ = {isa = PBXFileReference; lastKnownFileType = text.plist.xml; path = Info.plist; sourceTree = "<group>"; };
		309837621D8A8E6A0002338A /* PeerConnectivity.framework */ = {isa = PBXFileReference; lastKnownFileType = wrapper.framework; name = PeerConnectivity.framework; path = "../../Library/Developer/Xcode/DerivedData/PeerConnectivity-gpwpzbfgjijtrdbmsejdioisajvt/Build/Products/Debug-iphoneos/PeerConnectivity.framework"; sourceTree = "<group>"; };
		9CC3B2602162221C0062CC8A /* PeerConnectivity.framework */ = {isa = PBXFileReference; explicitFileType = wrapper.framework; path = PeerConnectivity.framework; sourceTree = BUILT_PRODUCTS_DIR; };
/* End PBXFileReference section */

/* Begin PBXFrameworksBuildPhase section */
		309837341D8A8D600002338A /* Frameworks */ = {
			isa = PBXFrameworksBuildPhase;
			buildActionMask = 2147483647;
			files = (
			);
			runOnlyForDeploymentPostprocessing = 0;
		};
/* End PBXFrameworksBuildPhase section */

/* Begin PBXGroup section */
		3098372E1D8A8D600002338A = {
			isa = PBXGroup;
			children = (
				309837391D8A8D600002338A /* PeerConnectivityDemo */,
				309837381D8A8D600002338A /* Products */,
				309837611D8A8E6A0002338A /* Frameworks */,
			);
			sourceTree = "<group>";
		};
		309837381D8A8D600002338A /* Products */ = {
			isa = PBXGroup;
			children = (
				309837371D8A8D600002338A /* PeerConnectivityDemo.app */,
			);
			name = Products;
			sourceTree = "<group>";
		};
		309837391D8A8D600002338A /* PeerConnectivityDemo */ = {
			isa = PBXGroup;
			children = (
				3098373A1D8A8D600002338A /* AppDelegate.swift */,
				3098373C1D8A8D600002338A /* ViewController.swift */,
				3098373E1D8A8D600002338A /* Main.storyboard */,
				309837411D8A8D600002338A /* Assets.xcassets */,
				309837431D8A8D600002338A /* LaunchScreen.storyboard */,
				309837461D8A8D600002338A /* Info.plist */,
			);
			path = PeerConnectivityDemo;
			sourceTree = "<group>";
		};
		309837611D8A8E6A0002338A /* Frameworks */ = {
			isa = PBXGroup;
			children = (
				9CC3B2602162221C0062CC8A /* PeerConnectivity.framework */,
				309837621D8A8E6A0002338A /* PeerConnectivity.framework */,
			);
			name = Frameworks;
			sourceTree = "<group>";
		};
/* End PBXGroup section */

/* Begin PBXNativeTarget section */
		309837361D8A8D600002338A /* PeerConnectivityDemo */ = {
			isa = PBXNativeTarget;
			buildConfigurationList = 309837491D8A8D600002338A /* Build configuration list for PBXNativeTarget "PeerConnectivityDemo" */;
			buildPhases = (
				309837331D8A8D600002338A /* Sources */,
				309837341D8A8D600002338A /* Frameworks */,
				309837351D8A8D600002338A /* Resources */,
				9CC3B264216222660062CC8A /* Embed Frameworks */,
			);
			buildRules = (
			);
			dependencies = (
			);
			name = PeerConnectivityDemo;
			productName = PeerConnectivityDemo;
			productReference = 309837371D8A8D600002338A /* PeerConnectivityDemo.app */;
			productType = "com.apple.product-type.application";
		};
/* End PBXNativeTarget section */

/* Begin PBXProject section */
		3098372F1D8A8D600002338A /* Project object */ = {
			isa = PBXProject;
			attributes = {
				LastSwiftUpdateCheck = 0800;
				LastUpgradeCheck = 1020;
				ORGANIZATIONNAME = "Reid Chatham";
				TargetAttributes = {
					309837361D8A8D600002338A = {
						CreatedOnToolsVersion = 8.0;
						DevelopmentTeam = FJA37BA54H;
						ProvisioningStyle = Automatic;
					};
				};
			};
			buildConfigurationList = 309837321D8A8D600002338A /* Build configuration list for PBXProject "PeerConnectivityDemo" */;
			compatibilityVersion = "Xcode 3.2";
			developmentRegion = en;
			hasScannedForEncodings = 0;
			knownRegions = (
				en,
				Base,
			);
			mainGroup = 3098372E1D8A8D600002338A;
			productRefGroup = 309837381D8A8D600002338A /* Products */;
			projectDirPath = "";
			projectRoot = "";
			targets = (
				309837361D8A8D600002338A /* PeerConnectivityDemo */,
			);
		};
/* End PBXProject section */

/* Begin PBXResourcesBuildPhase section */
		309837351D8A8D600002338A /* Resources */ = {
			isa = PBXResourcesBuildPhase;
			buildActionMask = 2147483647;
			files = (
				309837451D8A8D600002338A /* LaunchScreen.storyboard in Resources */,
				309837421D8A8D600002338A /* Assets.xcassets in Resources */,
				309837401D8A8D600002338A /* Main.storyboard in Resources */,
			);
			runOnlyForDeploymentPostprocessing = 0;
		};
/* End PBXResourcesBuildPhase section */

/* Begin PBXSourcesBuildPhase section */
		309837331D8A8D600002338A /* Sources */ = {
			isa = PBXSourcesBuildPhase;
			buildActionMask = 2147483647;
			files = (
				3098373D1D8A8D600002338A /* ViewController.swift in Sources */,
				3098373B1D8A8D600002338A /* AppDelegate.swift in Sources */,
			);
			runOnlyForDeploymentPostprocessing = 0;
		};
/* End PBXSourcesBuildPhase section */

/* Begin PBXVariantGroup section */
		3098373E1D8A8D600002338A /* Main.storyboard */ = {
			isa = PBXVariantGroup;
			children = (
				3098373F1D8A8D600002338A /* Base */,
			);
			name = Main.storyboard;
			sourceTree = "<group>";
		};
		309837431D8A8D600002338A /* LaunchScreen.storyboard */ = {
			isa = PBXVariantGroup;
			children = (
				309837441D8A8D600002338A /* Base */,
			);
			name = LaunchScreen.storyboard;
			sourceTree = "<group>";
		};
/* End PBXVariantGroup section */

/* Begin XCBuildConfiguration section */
		309837471D8A8D600002338A /* Debug */ = {
			isa = XCBuildConfiguration;
			buildSettings = {
				ALWAYS_SEARCH_USER_PATHS = NO;
				CLANG_ANALYZER_LOCALIZABILITY_NONLOCALIZED = YES;
				CLANG_ANALYZER_NONNULL = YES;
				CLANG_CXX_LANGUAGE_STANDARD = "gnu++0x";
				CLANG_CXX_LIBRARY = "libc++";
				CLANG_ENABLE_MODULES = YES;
				CLANG_ENABLE_OBJC_ARC = YES;
				CLANG_WARN_BLOCK_CAPTURE_AUTORELEASING = YES;
				CLANG_WARN_BOOL_CONVERSION = YES;
				CLANG_WARN_COMMA = YES;
				CLANG_WARN_CONSTANT_CONVERSION = YES;
				CLANG_WARN_DEPRECATED_OBJC_IMPLEMENTATIONS = YES;
				CLANG_WARN_DIRECT_OBJC_ISA_USAGE = YES_ERROR;
				CLANG_WARN_DOCUMENTATION_COMMENTS = YES;
				CLANG_WARN_EMPTY_BODY = YES;
				CLANG_WARN_ENUM_CONVERSION = YES;
				CLANG_WARN_INFINITE_RECURSION = YES;
				CLANG_WARN_INT_CONVERSION = YES;
				CLANG_WARN_NON_LITERAL_NULL_CONVERSION = YES;
				CLANG_WARN_OBJC_IMPLICIT_RETAIN_SELF = YES;
				CLANG_WARN_OBJC_LITERAL_CONVERSION = YES;
				CLANG_WARN_OBJC_ROOT_CLASS = YES_ERROR;
				CLANG_WARN_RANGE_LOOP_ANALYSIS = YES;
				CLANG_WARN_STRICT_PROTOTYPES = YES;
				CLANG_WARN_SUSPICIOUS_MOVE = YES;
				CLANG_WARN_SUSPICIOUS_MOVES = YES;
				CLANG_WARN_UNREACHABLE_CODE = YES;
				CLANG_WARN__DUPLICATE_METHOD_MATCH = YES;
				"CODE_SIGN_IDENTITY[sdk=iphoneos*]" = "iPhone Developer";
				COPY_PHASE_STRIP = NO;
				DEBUG_INFORMATION_FORMAT = dwarf;
				ENABLE_STRICT_OBJC_MSGSEND = YES;
				ENABLE_TESTABILITY = YES;
				GCC_C_LANGUAGE_STANDARD = gnu99;
				GCC_DYNAMIC_NO_PIC = NO;
				GCC_NO_COMMON_BLOCKS = YES;
				GCC_OPTIMIZATION_LEVEL = 0;
				GCC_PREPROCESSOR_DEFINITIONS = (
					"DEBUG=1",
					"$(inherited)",
				);
				GCC_WARN_64_TO_32_BIT_CONVERSION = YES;
				GCC_WARN_ABOUT_RETURN_TYPE = YES_ERROR;
				GCC_WARN_UNDECLARED_SELECTOR = YES;
				GCC_WARN_UNINITIALIZED_AUTOS = YES_AGGRESSIVE;
				GCC_WARN_UNUSED_FUNCTION = YES;
				GCC_WARN_UNUSED_VARIABLE = YES;
				IPHONEOS_DEPLOYMENT_TARGET = 11.0;
				MTL_ENABLE_DEBUG_INFO = YES;
				ONLY_ACTIVE_ARCH = YES;
				SDKROOT = iphoneos;
				SWIFT_ACTIVE_COMPILATION_CONDITIONS = DEBUG;
				SWIFT_OPTIMIZATION_LEVEL = "-Onone";
				SWIFT_VERSION = 5.0;
				TARGETED_DEVICE_FAMILY = "1,2";
			};
			name = Debug;
		};
		309837481D8A8D600002338A /* Release */ = {
			isa = XCBuildConfiguration;
			buildSettings = {
				ALWAYS_SEARCH_USER_PATHS = NO;
				CLANG_ANALYZER_LOCALIZABILITY_NONLOCALIZED = YES;
				CLANG_ANALYZER_NONNULL = YES;
				CLANG_CXX_LANGUAGE_STANDARD = "gnu++0x";
				CLANG_CXX_LIBRARY = "libc++";
				CLANG_ENABLE_MODULES = YES;
				CLANG_ENABLE_OBJC_ARC = YES;
				CLANG_WARN_BLOCK_CAPTURE_AUTORELEASING = YES;
				CLANG_WARN_BOOL_CONVERSION = YES;
				CLANG_WARN_COMMA = YES;
				CLANG_WARN_CONSTANT_CONVERSION = YES;
				CLANG_WARN_DEPRECATED_OBJC_IMPLEMENTATIONS = YES;
				CLANG_WARN_DIRECT_OBJC_ISA_USAGE = YES_ERROR;
				CLANG_WARN_DOCUMENTATION_COMMENTS = YES;
				CLANG_WARN_EMPTY_BODY = YES;
				CLANG_WARN_ENUM_CONVERSION = YES;
				CLANG_WARN_INFINITE_RECURSION = YES;
				CLANG_WARN_INT_CONVERSION = YES;
				CLANG_WARN_NON_LITERAL_NULL_CONVERSION = YES;
				CLANG_WARN_OBJC_IMPLICIT_RETAIN_SELF = YES;
				CLANG_WARN_OBJC_LITERAL_CONVERSION = YES;
				CLANG_WARN_OBJC_ROOT_CLASS = YES_ERROR;
				CLANG_WARN_RANGE_LOOP_ANALYSIS = YES;
				CLANG_WARN_STRICT_PROTOTYPES = YES;
				CLANG_WARN_SUSPICIOUS_MOVE = YES;
				CLANG_WARN_SUSPICIOUS_MOVES = YES;
				CLANG_WARN_UNREACHABLE_CODE = YES;
				CLANG_WARN__DUPLICATE_METHOD_MATCH = YES;
				"CODE_SIGN_IDENTITY[sdk=iphoneos*]" = "iPhone Developer";
				COPY_PHASE_STRIP = NO;
				DEBUG_INFORMATION_FORMAT = "dwarf-with-dsym";
				ENABLE_NS_ASSERTIONS = NO;
				ENABLE_STRICT_OBJC_MSGSEND = YES;
				GCC_C_LANGUAGE_STANDARD = gnu99;
				GCC_NO_COMMON_BLOCKS = YES;
				GCC_WARN_64_TO_32_BIT_CONVERSION = YES;
				GCC_WARN_ABOUT_RETURN_TYPE = YES_ERROR;
				GCC_WARN_UNDECLARED_SELECTOR = YES;
				GCC_WARN_UNINITIALIZED_AUTOS = YES_AGGRESSIVE;
				GCC_WARN_UNUSED_FUNCTION = YES;
				GCC_WARN_UNUSED_VARIABLE = YES;
				IPHONEOS_DEPLOYMENT_TARGET = 11.0;
				MTL_ENABLE_DEBUG_INFO = NO;
				SDKROOT = iphoneos;
				SWIFT_OPTIMIZATION_LEVEL = "-Owholemodule";
				SWIFT_VERSION = 5.0;
				TARGETED_DEVICE_FAMILY = "1,2";
				VALIDATE_PRODUCT = YES;
			};
			name = Release;
		};
		3098374A1D8A8D600002338A /* Debug */ = {
			isa = XCBuildConfiguration;
			buildSettings = {
				ASSETCATALOG_COMPILER_APPICON_NAME = AppIcon;
				DEVELOPMENT_TEAM = FJA37BA54H;
				INFOPLIST_FILE = PeerConnectivityDemo/Info.plist;
				IPHONEOS_DEPLOYMENT_TARGET = 11.0;
				LD_RUNPATH_SEARCH_PATHS = "$(inherited) @executable_path/Frameworks";
				PRODUCT_BUNDLE_IDENTIFIER = com.rchatham.PeerConnectivityDemo;
				PRODUCT_NAME = "$(TARGET_NAME)";
			};
			name = Debug;
		};
		3098374B1D8A8D600002338A /* Release */ = {
			isa = XCBuildConfiguration;
			buildSettings = {
				ASSETCATALOG_COMPILER_APPICON_NAME = AppIcon;
				DEVELOPMENT_TEAM = FJA37BA54H;
				INFOPLIST_FILE = PeerConnectivityDemo/Info.plist;
				IPHONEOS_DEPLOYMENT_TARGET = 11.0;
				LD_RUNPATH_SEARCH_PATHS = "$(inherited) @executable_path/Frameworks";
				PRODUCT_BUNDLE_IDENTIFIER = com.rchatham.PeerConnectivityDemo;
				PRODUCT_NAME = "$(TARGET_NAME)";
			};
			name = Release;
		};
/* End XCBuildConfiguration section */

/* Begin XCConfigurationList section */
		309837321D8A8D600002338A /* Build configuration list for PBXProject "PeerConnectivityDemo" */ = {
			isa = XCConfigurationList;
			buildConfigurations = (
				309837471D8A8D600002338A /* Debug */,
				309837481D8A8D600002338A /* Release */,
			);
			defaultConfigurationIsVisible = 0;
			defaultConfigurationName = Release;
		};
		309837491D8A8D600002338A /* Build configuration list for PBXNativeTarget "PeerConnectivityDemo" */ = {
			isa = XCConfigurationList;
			buildConfigurations = (
				3098374A1D8A8D600002338A /* Debug */,
				3098374B1D8A8D600002338A /* Release */,
			);
			defaultConfigurationIsVisible = 0;
			defaultConfigurationName = Release;
		};
/* End XCConfigurationList section */
	};
	rootObject = 3098372F1D8A8D600002338A /* Project object */;
}
